
Microsoft Visual Studio Solution File, Format Version 12.00
# Visual Studio Version 17
VisualStudioVersion = 17.7.34031.279
MinimumVisualStudioVersion = 10.0.40219.1
Project("{FAE04EC0-301F-11D3-BF4B-00C04F79EFBC}") = "IncidentRecorder", "IncidentRecorder.csproj", "{7C2A2206-13A9-42CD-9856-96CE0A759CEC}"
EndProject
Global
	GlobalSection(SolutionConfigurationPlatforms) = preSolution
		Debug|Any CPU = Debug|Any CPU
		Release|Any CPU = Release|Any CPU
	EndGlobalSection
	GlobalSection(ProjectConfigurationPlatforms) = postSolution
		{7C2A2206-13A9-42CD-9856-96CE0A759CEC}.Debug|Any CPU.ActiveCfg = Debug|Any CPU
		{7C2A2206-13A9-42CD-9856-96CE0A759CEC}.Debug|Any CPU.Build.0 = Debug|Any CPU
		{7C2A2206-13A9-42CD-9856-96CE0A759CEC}.Release|Any CPU.ActiveCfg = Release|Any CPU
		{7C2A2206-13A9-42CD-9856-96CE0A759CEC}.Release|Any CPU.Build.0 = Release|Any CPU
	EndGlobalSection
	GlobalSection(SolutionProperties) = preSolution
		HideSolutionNode = FALSE
	EndGlobalSection
	GlobalSection(ExtensibilityGlobals) = postSolution
		SolutionGuid = {311B63D0-4E29-4410-9363-0D87E4BEFB6D}
	EndGlobalSection
EndGlobal
